
Microsoft Visual Studio Solution File, Format Version 12.00
# Visual Studio Version 17
VisualStudioVersion = 17.5.33414.496
MinimumVisualStudioVersion = 10.0.40219.1
Project("{FAE04EC0-301F-11D3-BF4B-00C04F79EFBC}") = "Change_Triangles", "Change_Triangles\Change_Triangles.csproj", "{BF2765FF-2735-424A-A07D-4A06EBEF96DB}"
EndProject
Global
	GlobalSection(SolutionConfigurationPlatforms) = preSolution
		Debug|Any CPU = Debug|Any CPU
		Release|Any CPU = Release|Any CPU
	EndGlobalSection
	GlobalSection(ProjectConfigurationPlatforms) = postSolution
		{BF2765FF-2735-424A-A07D-4A06EBEF96DB}.Debug|Any CPU.ActiveCfg = Debug|Any CPU
		{BF2765FF-2735-424A-A07D-4A06EBEF96DB}.Debug|Any CPU.Build.0 = Debug|Any CPU
		{BF2765FF-2735-424A-A07D-4A06EBEF96DB}.Release|Any CPU.ActiveCfg = Release|Any CPU
		{BF2765FF-2735-424A-A07D-4A06EBEF96DB}.Release|Any CPU.Build.0 = Release|Any CPU
	EndGlobalSection
	GlobalSection(SolutionProperties) = preSolution
		HideSolutionNode = FALSE
	EndGlobalSection
	GlobalSection(ExtensibilityGlobals) = postSolution
		SolutionGuid = {01000BBC-BD90-4039-8588-C9CB49DA19F3}
	EndGlobalSection
EndGlobal
